# This file is generated by running "yarn install" inside your project.
# Manual changes might be lost - proceed with caution!

__metadata:
  version: 8
  cacheKey: 10c0

"@jsdotlua/boolean@npm:^1.2.6":
  version: 1.2.6
  resolution: "@jsdotlua/boolean@npm:1.2.6"
  dependencies:
    "@jsdotlua/number": "npm:^1.2.6"
  checksum: 5f567e556bb7c56102327a97468571522ce939be6cdc1b51591afc3dfc1dff4b2c9ec5462e7809bd9a515b3bdfc1c3eaabb4f631892cb5f471b4fc8da188cb84
  languageName: node
  linkType: hard

"@jsdotlua/collections@npm:^1.2.6":
  version: 1.2.6
  resolution: "@jsdotlua/collections@npm:1.2.6"
  dependencies:
    "@jsdotlua/es7-types": "npm:^1.2.6"
    "@jsdotlua/instance-of": "npm:^1.2.6"
  checksum: a4b3fe826358484528f10e8ca61a80d841a6515a22277a003117449da66ea1fb891c7b4103b952b01bd7d75666f26cb41c8efb852672aa8aaaaebbcd656dca79
  languageName: node
  linkType: hard

"@jsdotlua/console@npm:^1.2.6":
  version: 1.2.6
  resolution: "@jsdotlua/console@npm:1.2.6"
  dependencies:
    "@jsdotlua/collections": "npm:^1.2.6"
  checksum: eff658d9e8d23f932893facf18400a29ada54d1a24748b751aac1e4df48e92ff70b3b2ccd1ab6a4f2490dd709f826fe39427fb80f01a7574265fdd4e8af9187a
  languageName: node
  linkType: hard

"@jsdotlua/es7-types@npm:^1.2.6":
  version: 1.2.6
  resolution: "@jsdotlua/es7-types@npm:1.2.6"
  checksum: e5710f5f6de0608aec22744845e3a24acc47e2bda6cfc0b1fe4040935039b73e8467da90c3a6c9d75b08c9f39d2b98e9d72d54f3f630012538a7d53ad828a0d6
  languageName: node
  linkType: hard

"@jsdotlua/instance-of@npm:^1.2.6":
  version: 1.2.6
  resolution: "@jsdotlua/instance-of@npm:1.2.6"
  checksum: 0958caf214bb0556c1dcf94096410c367f413af4b02ef3adbd733e47435d8734b583217804bed5aec8308d56ccfb39032bb12fd4337e01ec5ae2db690b2ca9ce
  languageName: node
  linkType: hard

"@jsdotlua/luau-polyfill@npm:^1.2.6":
  version: 1.2.6
  resolution: "@jsdotlua/luau-polyfill@npm:1.2.6"
  dependencies:
    "@jsdotlua/boolean": "npm:^1.2.6"
    "@jsdotlua/collections": "npm:^1.2.6"
    "@jsdotlua/console": "npm:^1.2.6"
    "@jsdotlua/es7-types": "npm:^1.2.6"
    "@jsdotlua/instance-of": "npm:^1.2.6"
    "@jsdotlua/math": "npm:^1.2.6"
    "@jsdotlua/number": "npm:^1.2.6"
    "@jsdotlua/string": "npm:^1.2.6"
    "@jsdotlua/timers": "npm:^1.2.6"
    symbol-luau: "npm:^1.0.0"
  checksum: 63265f9fde3b895400d12802929ddab5daed79efc4e2aa90325b2eea0e2b7addcf351d35ad8bb19955956e913c212408944d73b6f3126223893d17cecd24de61
  languageName: node
  linkType: hard

"@jsdotlua/math@npm:^1.2.6":
  version: 1.2.6
  resolution: "@jsdotlua/math@npm:1.2.6"
  checksum: 06137df2a6352d4f5c730a7cf9e2902509d36de08415a3c70d470a05669dfeaf48e4aff2d5b6885a92b8f4d19fd0294a40f147a3f39c8558e887a09eb3ccd9e0
  languageName: node
  linkType: hard

"@jsdotlua/number@npm:^1.2.6":
  version: 1.2.6
  resolution: "@jsdotlua/number@npm:1.2.6"
  checksum: 74541fce86f80c52f05e5d4ca774d94f08ed21619af7b575c2bb7284e24fc2b178626c9888e286459a344d662cafab74d839ec8b95dcdab551fd14754911a292
  languageName: node
  linkType: hard

"@jsdotlua/react@npm:^17.1.0":
  version: 17.1.0
  resolution: "@jsdotlua/react@npm:17.1.0"
  dependencies:
    "@jsdotlua/luau-polyfill": "npm:^1.2.6"
    "@jsdotlua/shared": "npm:^17.1.0"
  checksum: e25ba407bcd5f9395e6c206dfcbbd2b5e53c349046363830cb1a5e65c77a7978c8c680acf8c0e3d3d50bbf91b70796380b1bc43134b7d330303bef358afc5865
  languageName: node
  linkType: hard

"@jsdotlua/shared@npm:^17.1.0":
  version: 17.1.0
  resolution: "@jsdotlua/shared@npm:17.1.0"
  dependencies:
    "@jsdotlua/luau-polyfill": "npm:^1.2.6"
  checksum: 23e0d4fec494e7059b116db3b89e9655cc772e19fe06f9ad92bc97a324cf8862b0f2e7aaffee89d0627c9a1abb793b254573f09860fa35caf21925a33b332376
  languageName: node
  linkType: hard

"@jsdotlua/string@npm:^1.2.6":
  version: 1.2.6
  resolution: "@jsdotlua/string@npm:1.2.6"
  dependencies:
    "@jsdotlua/es7-types": "npm:^1.2.6"
    "@jsdotlua/number": "npm:^1.2.6"
  checksum: de51c662439110642b699e4196240aa45ec4b8814f99bc606acb84dbb3f1c6889099bb722b3370f5873e06bd65c76779b5d94694309c9bdc63d324f40add2b0f
  languageName: node
  linkType: hard

"@jsdotlua/timers@npm:^1.2.6":
  version: 1.2.6
  resolution: "@jsdotlua/timers@npm:1.2.6"
  dependencies:
    "@jsdotlua/collections": "npm:^1.2.6"
  checksum: f3ec2753894e4939f7dfdf0072517f1e769e4009b4bd882c9c6878526372753ac4b08b531e1a32c96b7bccb5bf10bb8e2f5730cbc70534da7eddc620fbccaaca
  languageName: node
  linkType: hard

"@seaofvoices/react-lua-hooks@workspace:packages/react-lua-hooks":
  version: 0.0.0-use.local
  resolution: "@seaofvoices/react-lua-hooks@workspace:packages/react-lua-hooks"
  dependencies:
    "@jsdotlua/react": "npm:^17.1.0"
    "@seaofvoices/react-lua-use-constant": "workspace:^"
    npmluau: "npm:^0.1.1"
  languageName: unknown
  linkType: soft

"@seaofvoices/react-lua-use-constant@workspace:^, @seaofvoices/react-lua-use-constant@workspace:packages/react-lua-use-constant":
  version: 0.0.0-use.local
  resolution: "@seaofvoices/react-lua-use-constant@workspace:packages/react-lua-use-constant"
  dependencies:
    "@jsdotlua/react": "npm:^17.1.0"
    npmluau: "npm:^0.1.1"
  languageName: unknown
  linkType: soft

"@seaofvoices/react-roblox-hooks@workspace:packages/react-roblox-hooks":
  version: 0.0.0-use.local
  resolution: "@seaofvoices/react-roblox-hooks@workspace:packages/react-roblox-hooks"
  dependencies:
    "@jsdotlua/react": "npm:^17.1.0"
    "@seaofvoices/react-lua-use-constant": "workspace:^"
    "@seaofvoices/react-roblox-use-service": "workspace:^"
    luau-disk: "npm:^0.1.1"
    npmluau: "npm:^0.1.1"
  languageName: unknown
  linkType: soft

"@seaofvoices/react-roblox-use-service@workspace:^, @seaofvoices/react-roblox-use-service@workspace:packages/react-roblox-use-service":
  version: 0.0.0-use.local
  resolution: "@seaofvoices/react-roblox-use-service@workspace:packages/react-roblox-use-service"
  dependencies:
    "@jsdotlua/react": "npm:^17.1.0"
    npmluau: "npm:^0.1.1"
  languageName: unknown
  linkType: soft

"commander@npm:^11.0.0":
  version: 11.1.0
  resolution: "commander@npm:11.1.0"
  checksum: 13cc6ac875e48780250f723fb81c1c1178d35c5decb1abb1b628b3177af08a8554e76b2c0f29de72d69eef7c864d12613272a71fabef8047922bc622ab75a179
  languageName: node
  linkType: hard

"luau-disk@npm:^0.1.1":
  version: 0.1.1
  resolution: "luau-disk@npm:0.1.1"
  checksum: ee97edfe07671c3989f31b21cdef1001d845dbbc4940b41a2cb9b74e1c1bb0008c339348c595669177884ad8f0df4b6bf14ec66457854edcccb8e18fc3e9e4eb
  languageName: node
  linkType: hard

"npmluau@npm:^0.1.1":
  version: 0.1.1
  resolution: "npmluau@npm:0.1.1"
  dependencies:
    commander: "npm:^11.0.0"
    walkdir: "npm:^0.4.1"
  bin:
    npmluau: main.js
  checksum: 9ae22c0dcff9e85c90b4da4e8c17bc51e9b567b4a417c9767d355ff68faca4f99a2934b581743ebc8729f6851d1ba5b64597312151747252e040517d1794fbca
  languageName: node
  linkType: hard

"symbol-luau@npm:^1.0.0":
  version: 1.0.1
  resolution: "symbol-luau@npm:1.0.1"
  checksum: ab51a77331b2d5e4666528bada17e67b26aea355257bba9e97351016cd1836bd19f372355a14cf5bef2f4d5bc6b32fe91aeb09698d7bdc079d2c61330bedf251
  languageName: node
  linkType: hard

"walkdir@npm:^0.4.1":
  version: 0.4.1
  resolution: "walkdir@npm:0.4.1"
  checksum: 88e635aa9303e9196e4dc15013d2bd4afca4c8c8b4bb27722ca042bad213bb882d3b9141b3b0cca6bfb274f7889b30cf58d6374844094abec0016f335c5414dc
  languageName: node
  linkType: hard

"workspace@workspace:.":
  version: 0.0.0-use.local
  resolution: "workspace@workspace:."
  dependencies:
    npmluau: "npm:^0.1.1"
  languageName: unknown
  linkType: soft
